
Microsoft Visual Studio Solution File, Format Version 12.00
# Visual Studio 15
Project("{FAE04EC0-301F-11D3-BF4B-00C04F79EFBC}") = "UnityEngine.UI", "UnityEngine.UI.csproj", "{5D7ED0FC-105F-DD16-1622-458FB5EF8A33}"
EndProject
Project("{FAE04EC0-301F-11D3-BF4B-00C04F79EFBC}") = "Unity.RenderPipelines.Core.Runtime", "Unity.RenderPipelines.Core.Runtime.csproj", "{9D63CE4C-C184-E601-0990-CBADF7BFEE7D}"
EndProject
Project("{FAE04EC0-301F-11D3-BF4B-00C04F79EFBC}") = "Unity.RenderPipelines.Universal.Runtime", "Unity.RenderPipelines.Universal.Runtime.csproj", "{F56A4928-6ECC-2A92-7ED2-C45F5DD2C9C9}"
EndProject
Project("{FAE04EC0-301F-11D3-BF4B-00C04F79EFBC}") = "Unity.RenderPipeline.Universal.ShaderLibrary", "Unity.RenderPipeline.Universal.ShaderLibrary.csproj", "{540F7E17-9F28-6F6E-15E7-D540234AB6E8}"
EndProject
Project("{FAE04EC0-301F-11D3-BF4B-00C04F79EFBC}") = "Assembly-CSharp", "Assembly-CSharp.csproj", "{1E75F52F-E629-4610-875A-84D599B6404E}"
EndProject
Project("{FAE04EC0-301F-11D3-BF4B-00C04F79EFBC}") = "Unity.RenderPipelines.Core.ShaderLibrary", "Unity.RenderPipelines.Core.ShaderLibrary.csproj", "{8AE0C4F2-0BD5-7275-0994-C64285038A93}"
EndProject
Project("{FAE04EC0-301F-11D3-BF4B-00C04F79EFBC}") = "Unity.RenderPipelines.Universal.Shaders", "Unity.RenderPipelines.Universal.Shaders.csproj", "{48433ACD-F776-0911-C2FC-3F6FA8A716B2}"
EndProject
Project("{FAE04EC0-301F-11D3-BF4B-00C04F79EFBC}") = "Unity.RenderPipelines.ShaderGraph.ShaderGraphLibrary", "Unity.RenderPipelines.ShaderGraph.ShaderGraphLibrary.csproj", "{DA37FD67-FEFD-2E66-EDFC-20D60C84B63D}"
EndProject
Project("{FAE04EC0-301F-11D3-BF4B-00C04F79EFBC}") = "Unity.ShaderGraph.Editor", "Unity.ShaderGraph.Editor.csproj", "{29B4EF32-294F-AF81-E8E8-A53A524ECF91}"
EndProject
Project("{FAE04EC0-301F-11D3-BF4B-00C04F79EFBC}") = "Unity.RenderPipelines.Universal.Editor", "Unity.RenderPipelines.Universal.Editor.csproj", "{DBFADECE-B310-93F3-4656-A28DD9EC95A3}"
EndProject
Project("{FAE04EC0-301F-11D3-BF4B-00C04F79EFBC}") = "Unity.RenderPipelines.Core.Editor", "Unity.RenderPipelines.Core.Editor.csproj", "{D4FDF4B8-D8A8-BF13-ADEA-6E62EE5F705F}"
EndProject
Project("{FAE04EC0-301F-11D3-BF4B-00C04F79EFBC}") = "UnityEditor.UI", "UnityEditor.UI.csproj", "{5F87FF5A-8290-1119-9F9F-48717665AD6F}"
EndProject
Project("{FAE04EC0-301F-11D3-BF4B-00C04F79EFBC}") = "PPv2URPConverters", "PPv2URPConverters.csproj", "{0B8B1B57-83C8-2C8A-72E8-3CC2DA2C1095}"
EndProject
Project("{FAE04EC0-301F-11D3-BF4B-00C04F79EFBC}") = "Assembly-CSharp-Editor", "Assembly-CSharp-Editor.csproj", "{26789AFB-C9D4-6AE1-6706-C5DCB0BDE3CD}"
EndProject
Project("{FAE04EC0-301F-11D3-BF4B-00C04F79EFBC}") = "Unity.ShaderGraph.Utilities", "Unity.ShaderGraph.Utilities.csproj", "{46309717-B576-E870-6C6A-554BD357ED55}"
EndProject
Global
	GlobalSection(SolutionConfigurationPlatforms) = preSolution
		Debug|Any CPU = Debug|Any CPU
		Release|Any CPU = Release|Any CPU
	EndGlobalSection
	GlobalSection(ProjectConfigurationPlatforms) = postSolution
		{5D7ED0FC-105F-DD16-1622-458FB5EF8A33}.Debug|Any CPU.ActiveCfg = Debug|Any CPU
		{5D7ED0FC-105F-DD16-1622-458FB5EF8A33}.Debug|Any CPU.Build.0 = Debug|Any CPU
		{5D7ED0FC-105F-DD16-1622-458FB5EF8A33}.Release|Any CPU.ActiveCfg = Release|Any CPU
		{5D7ED0FC-105F-DD16-1622-458FB5EF8A33}.Release|Any CPU.Build.0 = Release|Any CPU
		{9D63CE4C-C184-E601-0990-CBADF7BFEE7D}.Debug|Any CPU.ActiveCfg = Debug|Any CPU
		{9D63CE4C-C184-E601-0990-CBADF7BFEE7D}.Debug|Any CPU.Build.0 = Debug|Any CPU
		{9D63CE4C-C184-E601-0990-CBADF7BFEE7D}.Release|Any CPU.ActiveCfg = Release|Any CPU
		{9D63CE4C-C184-E601-0990-CBADF7BFEE7D}.Release|Any CPU.Build.0 = Release|Any CPU
		{F56A4928-6ECC-2A92-7ED2-C45F5DD2C9C9}.Debug|Any CPU.ActiveCfg = Debug|Any CPU
		{F56A4928-6ECC-2A92-7ED2-C45F5DD2C9C9}.Debug|Any CPU.Build.0 = Debug|Any CPU
		{F56A4928-6ECC-2A92-7ED2-C45F5DD2C9C9}.Release|Any CPU.ActiveCfg = Release|Any CPU
		{F56A4928-6ECC-2A92-7ED2-C45F5DD2C9C9}.Release|Any CPU.Build.0 = Release|Any CPU
		{540F7E17-9F28-6F6E-15E7-D540234AB6E8}.Debug|Any CPU.ActiveCfg = Debug|Any CPU
		{540F7E17-9F28-6F6E-15E7-D540234AB6E8}.Debug|Any CPU.Build.0 = Debug|Any CPU
		{540F7E17-9F28-6F6E-15E7-D540234AB6E8}.Release|Any CPU.ActiveCfg = Release|Any CPU
		{540F7E17-9F28-6F6E-15E7-D540234AB6E8}.Release|Any CPU.Build.0 = Release|Any CPU
		{1E75F52F-E629-4610-875A-84D599B6404E}.Debug|Any CPU.ActiveCfg = Debug|Any CPU
		{1E75F52F-E629-4610-875A-84D599B6404E}.Debug|Any CPU.Build.0 = Debug|Any CPU
		{1E75F52F-E629-4610-875A-84D599B6404E}.Release|Any CPU.ActiveCfg = Release|Any CPU
		{1E75F52F-E629-4610-875A-84D599B6404E}.Release|Any CPU.Build.0 = Release|Any CPU
		{8AE0C4F2-0BD5-7275-0994-C64285038A93}.Debug|Any CPU.ActiveCfg = Debug|Any CPU
		{8AE0C4F2-0BD5-7275-0994-C64285038A93}.Debug|Any CPU.Build.0 = Debug|Any CPU
		{8AE0C4F2-0BD5-7275-0994-C64285038A93}.Release|Any CPU.ActiveCfg = Release|Any CPU
		{8AE0C4F2-0BD5-7275-0994-C64285038A93}.Release|Any CPU.Build.0 = Release|Any CPU
		{48433ACD-F776-0911-C2FC-3F6FA8A716B2}.Debug|Any CPU.ActiveCfg = Debug|Any CPU
		{48433ACD-F776-0911-C2FC-3F6FA8A716B2}.Debug|Any CPU.Build.0 = Debug|Any CPU
		{48433ACD-F776-0911-C2FC-3F6FA8A716B2}.Release|Any CPU.ActiveCfg = Release|Any CPU
		{48433ACD-F776-0911-C2FC-3F6FA8A716B2}.Release|Any CPU.Build.0 = Release|Any CPU
		{DA37FD67-FEFD-2E66-EDFC-20D60C84B63D}.Debug|Any CPU.ActiveCfg = Debug|Any CPU
		{DA37FD67-FEFD-2E66-EDFC-20D60C84B63D}.Debug|Any CPU.Build.0 = Debug|Any CPU
		{DA37FD67-FEFD-2E66-EDFC-20D60C84B63D}.Release|Any CPU.ActiveCfg = Release|Any CPU
		{DA37FD67-FEFD-2E66-EDFC-20D60C84B63D}.Release|Any CPU.Build.0 = Release|Any CPU
		{29B4EF32-294F-AF81-E8E8-A53A524ECF91}.Debug|Any CPU.ActiveCfg = Debug|Any CPU
		{29B4EF32-294F-AF81-E8E8-A53A524ECF91}.Debug|Any CPU.Build.0 = Debug|Any CPU
		{29B4EF32-294F-AF81-E8E8-A53A524ECF91}.Release|Any CPU.ActiveCfg = Release|Any CPU
		{29B4EF32-294F-AF81-E8E8-A53A524ECF91}.Release|Any CPU.Build.0 = Release|Any CPU
		{DBFADECE-B310-93F3-4656-A28DD9EC95A3}.Debug|Any CPU.ActiveCfg = Debug|Any CPU
		{DBFADECE-B310-93F3-4656-A28DD9EC95A3}.Debug|Any CPU.Build.0 = Debug|Any CPU
		{DBFADECE-B310-93F3-4656-A28DD9EC95A3}.Release|Any CPU.ActiveCfg = Release|Any CPU
		{DBFADECE-B310-93F3-4656-A28DD9EC95A3}.Release|Any CPU.Build.0 = Release|Any CPU
		{D4FDF4B8-D8A8-BF13-ADEA-6E62EE5F705F}.Debug|Any CPU.ActiveCfg = Debug|Any CPU
		{D4FDF4B8-D8A8-BF13-ADEA-6E62EE5F705F}.Debug|Any CPU.Build.0 = Debug|Any CPU
		{D4FDF4B8-D8A8-BF13-ADEA-6E62EE5F705F}.Release|Any CPU.ActiveCfg = Release|Any CPU
		{D4FDF4B8-D8A8-BF13-ADEA-6E62EE5F705F}.Release|Any CPU.Build.0 = Release|Any CPU
		{5F87FF5A-8290-1119-9F9F-48717665AD6F}.Debug|Any CPU.ActiveCfg = Debug|Any CPU
		{5F87FF5A-8290-1119-9F9F-48717665AD6F}.Debug|Any CPU.Build.0 = Debug|Any CPU
		{5F87FF5A-8290-1119-9F9F-48717665AD6F}.Release|Any CPU.ActiveCfg = Release|Any CPU
		{5F87FF5A-8290-1119-9F9F-48717665AD6F}.Release|Any CPU.Build.0 = Release|Any CPU
		{0B8B1B57-83C8-2C8A-72E8-3CC2DA2C1095}.Debug|Any CPU.ActiveCfg = Debug|Any CPU
		{0B8B1B57-83C8-2C8A-72E8-3CC2DA2C1095}.Debug|Any CPU.Build.0 = Debug|Any CPU
		{0B8B1B57-83C8-2C8A-72E8-3CC2DA2C1095}.Release|Any CPU.ActiveCfg = Release|Any CPU
		{0B8B1B57-83C8-2C8A-72E8-3CC2DA2C1095}.Release|Any CPU.Build.0 = Release|Any CPU
		{26789AFB-C9D4-6AE1-6706-C5DCB0BDE3CD}.Debug|Any CPU.ActiveCfg = Debug|Any CPU
		{26789AFB-C9D4-6AE1-6706-C5DCB0BDE3CD}.Debug|Any CPU.Build.0 = Debug|Any CPU
		{26789AFB-C9D4-6AE1-6706-C5DCB0BDE3CD}.Release|Any CPU.ActiveCfg = Release|Any CPU
		{26789AFB-C9D4-6AE1-6706-C5DCB0BDE3CD}.Release|Any CPU.Build.0 = Release|Any CPU
		{46309717-B576-E870-6C6A-554BD357ED55}.Debug|Any CPU.ActiveCfg = Debug|Any CPU
		{46309717-B576-E870-6C6A-554BD357ED55}.Debug|Any CPU.Build.0 = Debug|Any CPU
		{46309717-B576-E870-6C6A-554BD357ED55}.Release|Any CPU.ActiveCfg = Release|Any CPU
		{46309717-B576-E870-6C6A-554BD357ED55}.Release|Any CPU.Build.0 = Release|Any CPU
	EndGlobalSection
	GlobalSection(SolutionProperties) = preSolution
		HideSolutionNode = FALSE
	EndGlobalSection
EndGlobal
